# This file was autogenerated by Stack.
# You should not edit this file by hand.
# For more information, please see the documentation at:
#   https://docs.haskellstack.org/en/stable/lock_files

packages:
- completed:
    hackage: Noise-1.0.6@sha256:7eb0d021e334ca2341a9cb51eac7d6f2c76b4e4e1a27264509b38264dc202b32,1994
    pantry-tree:
      size: 1176
      sha256: 27a9154935b4d30a22830477c60c5108fd713a184d456272c2fccbf361d2395f
  original:
    hackage: Noise-1.0.6@sha256:7eb0d021e334ca2341a9cb51eac7d6f2c76b4e4e1a27264509b38264dc202b32,1994
- completed:
    hackage: cairo-0.13.8.1@sha256:1938aaeb5d3504678d995774dfe870f6b66cbd43d336b692fa8779b23b2b67a9,4075
    pantry-tree:
      size: 2830
      sha256: 8f6344da4c578a4dd3a49c333e2158b695bfae32a74d34a76bbc6e531b70c95c
  original:
    hackage: cairo-0.13.8.1@sha256:1938aaeb5d3504678d995774dfe870f6b66cbd43d336b692fa8779b23b2b67a9,4075
- completed:
    hackage: random-fu-0.2.7.7@sha256:55c62bc8e7a2970d4706f50b391559594ef1a8b5e71c0fbd2c9e30d5adafb9ab,4612
    pantry-tree:
      size: 2455
      sha256: 176dbae2762bd8be0de0e2ce2b0f30904d2578b6278e2f14652881f80641cf9b
  original:
    hackage: random-fu-0.2.7.7@sha256:55c62bc8e7a2970d4706f50b391559594ef1a8b5e71c0fbd2c9e30d5adafb9ab,4612
- completed:
    hackage: random-source-0.3.0.11@sha256:f78e361474d648fb0e0112d895c3a4bca80b1e565b778d763d59614270e8779c,3132
    pantry-tree:
      size: 966
      sha256: b33f2ee09702afd16ef3405120527ba8f3e495c20495bf5767a6da7075b04346
  original:
    hackage: random-source-0.3.0.11@sha256:f78e361474d648fb0e0112d895c3a4bca80b1e565b778d763d59614270e8779c,3132
- completed:
    hackage: rvar-0.2.0.6@sha256:d07cbb734ec307539fb58d4344b2284a1a91f41c9308f437c27ae8bada2111bf,2317
    pantry-tree:
      size: 158
      sha256: 48f154bad9ac1cf15c8df874bb903ece2e0d1fe1703e144f31fa32bd776581c0
  original:
    hackage: rvar-0.2.0.6@sha256:d07cbb734ec307539fb58d4344b2284a1a91f41c9308f437c27ae8bada2111bf,2317
- completed:
    hackage: flexible-defaults-0.0.3@sha256:6a7ab000561e1075003cb1053dfbbb4020ae2b02916776d1479c9c3fc82f5d0d,2508
    pantry-tree:
      size: 497
      sha256: 53d8b98b9e899d63f7e464670e908f6eb22d8a5ba0b6ea48182fb810b426f0f8
  original:
    hackage: flexible-defaults-0.0.3@sha256:6a7ab000561e1075003cb1053dfbbb4020ae2b02916776d1479c9c3fc82f5d0d,2508
- completed:
    hackage: pango-0.13.8.1@sha256:877b121c0bf87c96d3619effae6751ecfd74b7f7f3227cf3fde012597aed5ed9,3917
    pantry-tree:
      size: 1506
      sha256: eec456a3d16f1a9305196a86a7c49a6f2cfe1b041a50b02059dc4898a07a3bd9
  original:
    hackage: pango-0.13.8.1@sha256:877b121c0bf87c96d3619effae6751ecfd74b7f7f3227cf3fde012597aed5ed9,3917
- completed:
    hackage: sdl2-cairo-0.2@sha256:f4136fe6ffa5f625725ef43391178bfb59c40eeaf985d78fba16e594d6f9dc08,1134
    pantry-tree:
      size: 211
      sha256: 1386db4b3a942d7ca4c2215e2662537d1312ebfa9087b79f5430dca94547af39
  original:
    hackage: sdl2-cairo-0.2@sha256:f4136fe6ffa5f625725ef43391178bfb59c40eeaf985d78fba16e594d6f9dc08,1134
- completed:
    hackage: gtk2hs-buildtools-0.13.8.0@sha256:132f38155fc677430a47ea750918973161c876fb6f281d342ac2f07eb99229ce,5238
    pantry-tree:
      size: 3588
      sha256: 4552e3c0f2ef0f16285c38898d7e2b6aeea67d4e37cd203b0c82f70592096c45
  original:
    hackage: gtk2hs-buildtools-0.13.8.0@sha256:132f38155fc677430a47ea750918973161c876fb6f281d342ac2f07eb99229ce,5238
- completed:
    hackage: SDL-0.6.7.0@sha256:9d6ba75c0cab575ec38468c8277803983e985f9622437aeca6a53e6a7337a7d5,2045
    pantry-tree:
      size: 1942
      sha256: c533e2572ee2ed4d48f8f0fa60efed32ff5eb5ab618fc8f72fdfa7321d186afc
  original:
    hackage: SDL-0.6.7.0@sha256:9d6ba75c0cab575ec38468c8277803983e985f9622437aeca6a53e6a7337a7d5,2045
snapshots:
- completed:
    size: 533252
    url: https://raw.githubusercontent.com/commercialhaskell/stackage-snapshots/master/lts/16/26.yaml
    sha256: cdbc5db9c1afe80a5998247939027a0c7db92fa0f20b5cd01596ec3da628b622
  original: lts-16.26
